
Microsoft Visual Studio Solution File, Format Version 12.00
# Visual Studio 14
VisualStudioVersion = 14.0.23107.0
MinimumVisualStudioVersion = 10.0.40219.1
Project("{FAE04EC0-301F-11D3-BF4B-00C04F79EFBC}") = "Calculator", "Calculator\Calculator.csproj", "{E4470A0F-F0F6-482E-AE04-5113B6999F1F}"
EndProject
Project("{FAE04EC0-301F-11D3-BF4B-00C04F79EFBC}") = "Calculator.Tests", "Calculator.Tests\Calculator.Tests.csproj", "{5202CC02-3437-4290-A58F-9B87EAC675AB}"
EndProject
Project("{FAE04EC0-301F-11D3-BF4B-00C04F79EFBC}") = "Calculator.NUnitTest", "Calculator.NUnitTest\Calculator.NUnitTest.csproj", "{8F39A0A5-DD48-415E-AEBB-02CF0E00460E}"
EndProject
Global
	GlobalSection(SolutionConfigurationPlatforms) = preSolution
		Debug|Any CPU = Debug|Any CPU
		Release|Any CPU = Release|Any CPU
	EndGlobalSection
	GlobalSection(ProjectConfigurationPlatforms) = postSolution
		{E4470A0F-F0F6-482E-AE04-5113B6999F1F}.Debug|Any CPU.ActiveCfg = Debug|Any CPU
		{E4470A0F-F0F6-482E-AE04-5113B6999F1F}.Debug|Any CPU.Build.0 = Debug|Any CPU
		{E4470A0F-F0F6-482E-AE04-5113B6999F1F}.Release|Any CPU.ActiveCfg = Release|Any CPU
		{E4470A0F-F0F6-482E-AE04-5113B6999F1F}.Release|Any CPU.Build.0 = Release|Any CPU
		{5202CC02-3437-4290-A58F-9B87EAC675AB}.Debug|Any CPU.ActiveCfg = Debug|Any CPU
		{5202CC02-3437-4290-A58F-9B87EAC675AB}.Debug|Any CPU.Build.0 = Debug|Any CPU
		{5202CC02-3437-4290-A58F-9B87EAC675AB}.Release|Any CPU.ActiveCfg = Release|Any CPU
		{5202CC02-3437-4290-A58F-9B87EAC675AB}.Release|Any CPU.Build.0 = Release|Any CPU
		{8F39A0A5-DD48-415E-AEBB-02CF0E00460E}.Debug|Any CPU.ActiveCfg = Debug|Any CPU
		{8F39A0A5-DD48-415E-AEBB-02CF0E00460E}.Debug|Any CPU.Build.0 = Debug|Any CPU
		{8F39A0A5-DD48-415E-AEBB-02CF0E00460E}.Release|Any CPU.ActiveCfg = Release|Any CPU
		{8F39A0A5-DD48-415E-AEBB-02CF0E00460E}.Release|Any CPU.Build.0 = Release|Any CPU
	EndGlobalSection
	GlobalSection(SolutionProperties) = preSolution
		HideSolutionNode = FALSE
	EndGlobalSection
EndGlobal
